
Microsoft Visual Studio Solution File, Format Version 12.00
# Visual Studio Version 17
VisualStudioVersion = 17.11.35312.102
MinimumVisualStudioVersion = 10.0.40219.1
Project("{E24C65DC-7377-472B-9ABA-BC803B73C61A}") = "ConciliacionesPip", "ConciliacionesPip\", "{A2651CF8-C7C3-44D7-981D-E7C881DD8CD1}"
	ProjectSection(WebsiteProperties) = preProject
		TargetFrameworkMoniker = ".NETFramework,Version%3Dv4.7.2"
		Debug.AspNetCompiler.VirtualPath = "/localhost_51878"
		Debug.AspNetCompiler.PhysicalPath = "ConciliacionesPip\"
		Debug.AspNetCompiler.TargetPath = "PrecompiledWeb\localhost_51878\"
		Debug.AspNetCompiler.Updateable = "true"
		Debug.AspNetCompiler.ForceOverwrite = "true"
		Debug.AspNetCompiler.FixedNames = "false"
		Debug.AspNetCompiler.Debug = "True"
		Release.AspNetCompiler.VirtualPath = "/localhost_51878"
		Release.AspNetCompiler.PhysicalPath = "ConciliacionesPip\"
		Release.AspNetCompiler.TargetPath = "PrecompiledWeb\localhost_51878\"
		Release.AspNetCompiler.Updateable = "true"
		Release.AspNetCompiler.ForceOverwrite = "true"
		Release.AspNetCompiler.FixedNames = "false"
		Release.AspNetCompiler.Debug = "False"
		VWDPort = "51878"
		SlnRelativePath = "ConciliacionesPip\"
		DefaultWebSiteLanguage = "Visual C#"
	EndProjectSection
EndProject
Global
	GlobalSection(SolutionConfigurationPlatforms) = preSolution
		Debug|Any CPU = Debug|Any CPU
	EndGlobalSection
	GlobalSection(ProjectConfigurationPlatforms) = postSolution
		{A2651CF8-C7C3-44D7-981D-E7C881DD8CD1}.Debug|Any CPU.ActiveCfg = Debug|Any CPU
		{A2651CF8-C7C3-44D7-981D-E7C881DD8CD1}.Debug|Any CPU.Build.0 = Debug|Any CPU
	EndGlobalSection
	GlobalSection(SolutionProperties) = preSolution
		HideSolutionNode = FALSE
	EndGlobalSection
	GlobalSection(ExtensibilityGlobals) = postSolution
		SolutionGuid = {B553DF45-F827-4591-AE89-D6CE7082E02B}
	EndGlobalSection
EndGlobal
